{
  "nodes": {
    "home-manager": {
      "inputs": {
        "nixpkgs": [
          "nixpkgs"
        ]
      },
      "locked": {
        "lastModified": 1711625603,
        "narHash": "sha256-W+9dfqA9bqUIBV5u7jaIARAzMe3kTq/Hp2SpSVXKRQw=",
        "owner": "nix-community",
        "repo": "home-manager",
        "rev": "c0ef0dab55611c676ad7539bf4e41b3ec6fa87d2",
        "type": "github"
      },
      "original": {
        "owner": "nix-community",
        "repo": "home-manager",
        "type": "github"
      }
    },
    "nixlib": {
      "locked": {
        "lastModified": 1711241261,
        "narHash": "sha256-knrTvpl81yGFHIpm1SsLDApe0thFkw1cl3ISAMPmP/0=",
        "owner": "nix-community",
        "repo": "nixpkgs.lib",
        "rev": "b2a1eeef8c185f6bd27432b053ff09d773244cbc",
        "type": "github"
      },
      "original": {
        "owner": "nix-community",
        "repo": "nixpkgs.lib",
        "type": "github"
      }
    },
    "nixos-generators": {
      "inputs": {
        "nixlib": "nixlib",
        "nixpkgs": [
          "nixpkgs"
        ]
      },
      "locked": {
        "lastModified": 1711626141,
        "narHash": "sha256-0qV1pHeIyUZ18cp8ijQnMf7uV+Uk4+UqTCC6yGSGWvk=",
        "owner": "nix-community",
        "repo": "nixos-generators",
        "rev": "63194fceafbfe583a9eb7d16ab499adc0a6c0bc2",
        "type": "github"
      },
      "original": {
        "owner": "nix-community",
        "repo": "nixos-generators",
        "type": "github"
      }
    },
    "nixpkgs": {
      "locked": {
        "lastModified": 1711523803,
        "narHash": "sha256-UKcYiHWHQynzj6CN/vTcix4yd1eCu1uFdsuarupdCQQ=",
        "owner": "NixOS",
        "repo": "nixpkgs",
        "rev": "2726f127c15a4cc9810843b96cad73c7eb39e443",
        "type": "github"
      },
      "original": {
        "owner": "NixOS",
        "ref": "nixos-unstable",
        "repo": "nixpkgs",
        "type": "github"
      }
    },
    "root": {
      "inputs": {
        "home-manager": "home-manager",
        "nixos-generators": "nixos-generators",
        "nixpkgs": "nixpkgs",
        "sinur": "sinur"
      }
    },
    "sinur": {
      "inputs": {
        "nixpkgs": [
          "nixpkgs"
        ]
      },
      "locked": {
        "lastModified": 1708754018,
        "narHash": "sha256-gwqzMLUujHcYtMDdH0ojhf3m/F9382EvjVF1exup354=",
        "owner": "XaydBayeck",
        "repo": "Sinur",
        "rev": "d8a97b9281a9c61becb639fe194304896fe74991",
        "type": "github"
      },
      "original": {
        "owner": "XaydBayeck",
        "repo": "Sinur",
        "type": "github"
      }
    }
  },
  "root": "root",
  "version": 7
}
